{
  "name": "vibe-music",
  "lockfileVersion": 3,
  "requires": true,
  "packages": {
    "": {
      "dependencies": {
        "@fontsource/pixelify-sans": "^5.2.7",
        "@fontsource/press-start-2p": "^5.2.7",
        "@fontsource/space-grotesk": "^5.2.10"
      }
    },
    "node_modules/@fontsource/pixelify-sans": {
      "version": "5.2.7",
      "resolved": "https://registry.npmjs.org/@fontsource/pixelify-sans/-/pixelify-sans-5.2.7.tgz",
      "integrity": "sha512-F/UuV2M9poAj/BJ5/6u95mOy6ptp8/+dpfnxh4TFzKeAB+vdanAjQ8fLJcS0q+WHYgesRRxPwNFr2Pqm18CVGg==",
      "license": "OFL-1.1",
      "funding": {
        "url": "https://github.com/sponsors/ayuhito"
      }
    },
    "node_modules/@fontsource/press-start-2p": {
      "version": "5.2.7",
      "resolved": "https://registry.npmjs.org/@fontsource/press-start-2p/-/press-start-2p-5.2.7.tgz",
      "integrity": "sha512-ezSxYRchANoteja170ZHh2Tt4oejmVEvX42VFPOVVvERSZ68pcuZFjbhHfrK/sNjYmaGg656y7B3431ojO9PCQ==",
      "license": "OFL-1.1",
      "funding": {
        "url": "https://github.com/sponsors/ayuhito"
      }
    },
    "node_modules/@fontsource/space-grotesk": {
      "version": "5.2.10",
      "resolved": "https://registry.npmjs.org/@fontsource/space-grotesk/-/space-grotesk-5.2.10.tgz",
      "integrity": "sha512-XNXEbT74OIITPqw2H6HXwPDp85fy43uxfBwFR5PU+9sLnjuLj12KlhVM9nZVN6q6dlKjkuN8JisW/OBxwxgUew==",
      "license": "OFL-1.1",
      "funding": {
        "url": "https://github.com/sponsors/ayuhito"
      }
    }
  }
}
